
Microsoft Visual Studio Solution File, Format Version 12.00
# Visual Studio 15
VisualStudioVersion = 15.0.27428.2015
MinimumVisualStudioVersion = 10.0.40219.1
Project("{FAE04EC0-301F-11D3-BF4B-00C04F79EFBC}") = "ConsoleApp2", "ConsoleApp2\ConsoleApp2.csproj", "{00D8257E-4F75-4ADB-8FDF-27E98B3C84FF}"
EndProject
Global
	GlobalSection(SolutionConfigurationPlatforms) = preSolution
		Debug|Any CPU = Debug|Any CPU
		Release|Any CPU = Release|Any CPU
	EndGlobalSection
	GlobalSection(ProjectConfigurationPlatforms) = postSolution
		{00D8257E-4F75-4ADB-8FDF-27E98B3C84FF}.Debug|Any CPU.ActiveCfg = Debug|Any CPU
		{00D8257E-4F75-4ADB-8FDF-27E98B3C84FF}.Debug|Any CPU.Build.0 = Debug|Any CPU
		{00D8257E-4F75-4ADB-8FDF-27E98B3C84FF}.Release|Any CPU.ActiveCfg = Release|Any CPU
		{00D8257E-4F75-4ADB-8FDF-27E98B3C84FF}.Release|Any CPU.Build.0 = Release|Any CPU
	EndGlobalSection
	GlobalSection(SolutionProperties) = preSolution
		HideSolutionNode = FALSE
	EndGlobalSection
	GlobalSection(ExtensibilityGlobals) = postSolution
		SolutionGuid = {C8020FC3-6319-47BA-A44A-4D251860F8E4}
	EndGlobalSection
EndGlobal
