
Microsoft Visual Studio Solution File, Format Version 12.00
# Visual Studio 15
VisualStudioVersion = 15.0.27428.2015
MinimumVisualStudioVersion = 10.0.40219.1
Project("{FAE04EC0-301F-11D3-BF4B-00C04F79EFBC}") = "Loja Top", "Loja Top\Loja Top.csproj", "{C9BE493F-EC26-4E32-A832-0EF31CA6F0FB}"
EndProject
Global
	GlobalSection(SolutionConfigurationPlatforms) = preSolution
		Debug|Any CPU = Debug|Any CPU
		Release|Any CPU = Release|Any CPU
	EndGlobalSection
	GlobalSection(ProjectConfigurationPlatforms) = postSolution
		{C9BE493F-EC26-4E32-A832-0EF31CA6F0FB}.Debug|Any CPU.ActiveCfg = Debug|Any CPU
		{C9BE493F-EC26-4E32-A832-0EF31CA6F0FB}.Debug|Any CPU.Build.0 = Debug|Any CPU
		{C9BE493F-EC26-4E32-A832-0EF31CA6F0FB}.Release|Any CPU.ActiveCfg = Release|Any CPU
		{C9BE493F-EC26-4E32-A832-0EF31CA6F0FB}.Release|Any CPU.Build.0 = Release|Any CPU
	EndGlobalSection
	GlobalSection(SolutionProperties) = preSolution
		HideSolutionNode = FALSE
	EndGlobalSection
	GlobalSection(ExtensibilityGlobals) = postSolution
		SolutionGuid = {53BD239E-60EB-404C-935A-72076D4A4739}
	EndGlobalSection
EndGlobal
