
Microsoft Visual Studio Solution File, Format Version 12.00
# Visual Studio 15
VisualStudioVersion = 15.0.27428.2015
MinimumVisualStudioVersion = 10.0.40219.1
Project("{FAE04EC0-301F-11D3-BF4B-00C04F79EFBC}") = "exercicio8edmodo", "exercicio8edmodo\exercicio8edmodo.csproj", "{7CADEF1C-F7CF-4D16-BA0D-69E38D90E9F9}"
EndProject
Global
	GlobalSection(SolutionConfigurationPlatforms) = preSolution
		Debug|Any CPU = Debug|Any CPU
		Release|Any CPU = Release|Any CPU
	EndGlobalSection
	GlobalSection(ProjectConfigurationPlatforms) = postSolution
		{7CADEF1C-F7CF-4D16-BA0D-69E38D90E9F9}.Debug|Any CPU.ActiveCfg = Debug|Any CPU
		{7CADEF1C-F7CF-4D16-BA0D-69E38D90E9F9}.Debug|Any CPU.Build.0 = Debug|Any CPU
		{7CADEF1C-F7CF-4D16-BA0D-69E38D90E9F9}.Release|Any CPU.ActiveCfg = Release|Any CPU
		{7CADEF1C-F7CF-4D16-BA0D-69E38D90E9F9}.Release|Any CPU.Build.0 = Release|Any CPU
	EndGlobalSection
	GlobalSection(SolutionProperties) = preSolution
		HideSolutionNode = FALSE
	EndGlobalSection
	GlobalSection(ExtensibilityGlobals) = postSolution
		SolutionGuid = {04937E17-ABBC-4ED9-A939-416C002CDA32}
	EndGlobalSection
EndGlobal
